
Microsoft Visual Studio Solution File, Format Version 12.00
# Visual Studio 2012
Project("{FAE04EC0-301F-11D3-BF4B-00C04F79EFBC}") = "Car Wash 1", "Car Wash 1\Car Wash 1.csproj", "{5F3B1E20-FA2B-483C-8A0C-9A965B4CF95E}"
EndProject
Global
	GlobalSection(SolutionConfigurationPlatforms) = preSolution
		Debug|Any CPU = Debug|Any CPU
		Release|Any CPU = Release|Any CPU
	EndGlobalSection
	GlobalSection(ProjectConfigurationPlatforms) = postSolution
		{5F3B1E20-FA2B-483C-8A0C-9A965B4CF95E}.Debug|Any CPU.ActiveCfg = Debug|Any CPU
		{5F3B1E20-FA2B-483C-8A0C-9A965B4CF95E}.Debug|Any CPU.Build.0 = Debug|Any CPU
		{5F3B1E20-FA2B-483C-8A0C-9A965B4CF95E}.Release|Any CPU.ActiveCfg = Release|Any CPU
		{5F3B1E20-FA2B-483C-8A0C-9A965B4CF95E}.Release|Any CPU.Build.0 = Release|Any CPU
	EndGlobalSection
	GlobalSection(SolutionProperties) = preSolution
		HideSolutionNode = FALSE
	EndGlobalSection
EndGlobal
